
Microsoft Visual Studio Solution File, Format Version 12.00
# Visual Studio Version 16
VisualStudioVersion = 16.0.29326.143
MinimumVisualStudioVersion = 10.0.40219.1
Project("{F2A71F9B-5D33-465A-A702-920D77279786}") = "TensorflowTypeProviderTest", "TensorflowTypeProviderTest\TensorflowTypeProviderTest.fsproj", "{71315965-7B62-4DE8-870E-0C71985A0431}"
EndProject
Global
	GlobalSection(SolutionConfigurationPlatforms) = preSolution
		Debug|Any CPU = Debug|Any CPU
		Release|Any CPU = Release|Any CPU
	EndGlobalSection
	GlobalSection(ProjectConfigurationPlatforms) = postSolution
		{71315965-7B62-4DE8-870E-0C71985A0431}.Debug|Any CPU.ActiveCfg = Debug|Any CPU
		{71315965-7B62-4DE8-870E-0C71985A0431}.Debug|Any CPU.Build.0 = Debug|Any CPU
		{71315965-7B62-4DE8-870E-0C71985A0431}.Release|Any CPU.ActiveCfg = Release|Any CPU
		{71315965-7B62-4DE8-870E-0C71985A0431}.Release|Any CPU.Build.0 = Release|Any CPU
	EndGlobalSection
	GlobalSection(SolutionProperties) = preSolution
		HideSolutionNode = FALSE
	EndGlobalSection
	GlobalSection(ExtensibilityGlobals) = postSolution
		SolutionGuid = {E568E90F-3DFB-48E0-94FB-E0903790AF7C}
	EndGlobalSection
EndGlobal
